# This file is automatically @generated by Cargo.
# It is not intended for manual editing.
version = 4

[[package]]
name = "either"
version = "1.15.0"
source = "registry+https://github.com/rust-lang/crates.io-index"
checksum = "48c757948c5ede0e46177b7add2e67155f70e33c07fea8284df6576da70b3719"

[[package]]
name = "itertools"
version = "0.8.2"
source = "registry+https://github.com/rust-lang/crates.io-index"
checksum = "f56a2d0bc861f9165be4eb3442afd3c236d8a98afd426f65d92324ae1091a484"
dependencies = [
 "either",
]

[[package]]
name = "lfsr"
version = "0.3.0"
source = "registry+https://github.com/rust-lang/crates.io-index"
checksum = "1408c5559fc91f522a78aa46b85647f5bcbeee9e64e4b7d8e7b0d259d0047c57"
dependencies = [
 "lfsr-base",
 "lfsr-instances",
 "lfsr-macro-generate",
 "lfsr-macro-lookup",
]

[[package]]
name = "lfsr-base"
version = "0.3.0"
source = "registry+https://github.com/rust-lang/crates.io-index"
checksum = "1355f8e4ef0c69b2f41f154716197b1027a75afb094dbc1b5d96cd124b2d946c"

[[package]]
name = "lfsr-instances"
version = "0.3.0"
source = "registry+https://github.com/rust-lang/crates.io-index"
checksum = "40c2fd4e3b24c4c995c6d89cffb1f346b68bfa37466bfde5023975af945bfb75"
dependencies = [
 "lfsr-base",
 "lfsr-macro-generate",
]

[[package]]
name = "lfsr-macro-generate"
version = "0.3.0"
source = "registry+https://github.com/rust-lang/crates.io-index"
checksum = "b797be749e5d7d013b3e18954049468c228841a5068ceb55dd9da23a300ecff6"
dependencies = [
 "itertools",
 "lfsr-base",
 "proc-macro2",
 "quote",
 "syn",
]

[[package]]
name = "lfsr-macro-lookup"
version = "0.3.0"
source = "registry+https://github.com/rust-lang/crates.io-index"
checksum = "ac3a3a6a85a7aac81c9f94adc14ab565eaaac8fd91460d06b89e4dd93462cdf8"
dependencies = [
 "itertools",
 "lfsr-base",
 "lfsr-instances",
 "proc-macro2",
 "quote",
 "syn",
]

[[package]]
name = "pebble"
version = "0.1.0"
dependencies = [
 "lfsr",
]

[[package]]
name = "proc-macro2"
version = "0.4.30"
source = "registry+https://github.com/rust-lang/crates.io-index"
checksum = "cf3d2011ab5c909338f7887f4fc896d35932e29146c12c8d01da6b22a80ba759"
dependencies = [
 "unicode-xid",
]

[[package]]
name = "quote"
version = "0.6.13"
source = "registry+https://github.com/rust-lang/crates.io-index"
checksum = "6ce23b6b870e8f94f81fb0a363d65d86675884b34a09043c81e5562f11c1f8e1"
dependencies = [
 "proc-macro2",
]

[[package]]
name = "syn"
version = "0.15.44"
source = "registry+https://github.com/rust-lang/crates.io-index"
checksum = "9ca4b3b69a77cbe1ffc9e198781b7acb0c7365a883670e8f1c1bc66fba79a5c5"
dependencies = [
 "proc-macro2",
 "quote",
 "unicode-xid",
]

[[package]]
name = "unicode-xid"
version = "0.1.0"
source = "registry+https://github.com/rust-lang/crates.io-index"
checksum = "fc72304796d0818e357ead4e000d19c9c174ab23dc11093ac919054d20a6a7fc"
